{
  "name": "@cdp-wasm-suite/cdp-web",
  "version": "0.5.4",
  "lockfileVersion": 3,
  "requires": true,
  "packages": {
    "": {
      "name": "@cdp-wasm-suite/cdp-web",
      "version": "0.5.4",
      "license": "AGPL-3.0-or-later",
      "dependencies": {
        "@cdp-wasm-suite/cdp-sampler": "^0.1.0",
        "@grame/faustwasm": "^0.16.4",
        "cdp-wasm": "^0.5.3",
        "monaco-editor": "^0.52.2"
      }
    },
    "node_modules/@cdp-wasm-suite/cdp-sampler": {
      "version": "0.1.0",
      "resolved": "https://npm.pkg.github.com/download/@cdp-wasm-suite/cdp-sampler/0.1.0/064d315614a5424e96bb36e12104670167be0957",
      "integrity": "sha512-EL94IDDskczNlpsEV+6cqdsaZiPiH+b4E0w/vhTaxPusSyaoavD9aKawYK9VSlI9cOk716RFq6c3rnvP19F86g==",
      "license": "LGPL-2.1-or-later"
    },
    "node_modules/@grame/faustwasm": {
      "version": "0.16.4",
      "resolved": "https://registry.npmjs.org/@grame/faustwasm/-/faustwasm-0.16.4.tgz",
      "integrity": "sha512-EbGeq1dL/cTyYBCS+kAyI+a0aJkSpbYeKA7oGehJ7CCp+ZkZEiNip96LtRs/iN/t9IjO4BGUs2LiMOLGnC+Plw==",
      "license": "LGPL-3.0",
      "dependencies": {
        "@types/emscripten": "^1.39.10"
      },
      "bin": {
        "faust2sndfile-ts": "scripts/faust2sndfile.js",
        "faust2svg-ts": "scripts/faust2svg.js",
        "faust2wasm-ts": "scripts/faust2wasm.js"
      }
    },
    "node_modules/@types/emscripten": {
      "version": "1.41.5",
      "resolved": "https://registry.npmjs.org/@types/emscripten/-/emscripten-1.41.5.tgz",
      "integrity": "sha512-cMQm7pxu6BxtHyqJ7mQZ2kXWV5SLmugybFdHCBbJ5eHzOo6VhBckEgAT3//rP5FwPHNPeEiq4SmQ5ucBwsOo4Q==",
      "license": "MIT"
    },
    "node_modules/cdp-wasm": {
      "version": "0.5.3",
      "resolved": "https://registry.npmjs.org/cdp-wasm/-/cdp-wasm-0.5.3.tgz",
      "integrity": "sha512-VyBVZV1yIYnWVa8RJjdaZz0L6LBWFZ7ftaxqQFixA4nN5QYai8+pwWZrLtCPmNQCfT9iS83l0gAJSp3/ZYVqXQ==",
      "license": "(MIT AND LGPL-2.1-or-later)",
      "bin": {
        "cdp": "bin/cdp.js"
      },
      "engines": {
        "node": ">=18"
      }
    },
    "node_modules/monaco-editor": {
      "version": "0.52.2",
      "resolved": "https://registry.npmjs.org/monaco-editor/-/monaco-editor-0.52.2.tgz",
      "integrity": "sha512-GEQWEZmfkOGLdd3XK8ryrfWz3AIP8YymVXiPHEdewrUq7mh0qrKrfHLNCXcbB6sTnMLnOZ3ztSiKcciFUkIJwQ==",
      "license": "MIT"
    }
  }
}
